// !$*UTF8*$!
{
	archiveVersion = 1;
	classes = {
	};
	objectVersion = 56;
	objects = {

/* Begin PBXBuildFile section */
		F600D1FE28FE79580083166E /* WayAppApp.swift in Sources */ = {isa = PBXBuildFile; fileRef = F600D1FD28FE79580083166E /* WayAppApp.swift */; };
		F600D20228FE795A0083166E /* Assets.xcassets in Resources */ = {isa = PBXBuildFile; fileRef = F600D20128FE795A0083166E /* Assets.xcassets */; };
		F600D20528FE795A0083166E /* Preview Assets.xcassets in Resources */ = {isa = PBXBuildFile; fileRef = F600D20428FE795A0083166E /* Preview Assets.xcassets */; };
		F600D20F28FE795A0083166E /* WayAppTests.swift in Sources */ = {isa = PBXBuildFile; fileRef = F600D20E28FE795A0083166E /* WayAppTests.swift */; };
		F600D21928FE795A0083166E /* WayAppUITests.swift in Sources */ = {isa = PBXBuildFile; fileRef = F600D21828FE795A0083166E /* WayAppUITests.swift */; };
		F600D21B28FE795A0083166E /* WayAppUITestsLaunchTests.swift in Sources */ = {isa = PBXBuildFile; fileRef = F600D21A28FE795A0083166E /* WayAppUITestsLaunchTests.swift */; };
		F600D22828FE79D90083166E /* mainView.swift in Sources */ = {isa = PBXBuildFile; fileRef = F600D22728FE79D90083166E /* mainView.swift */; };
		F600D22B28FE7B3B0083166E /* loginTile.swift in Sources */ = {isa = PBXBuildFile; fileRef = F600D22A28FE7B3B0083166E /* loginTile.swift */; };
		F6657A9929006ABF009F0FD1 /* mainBG.swift in Sources */ = {isa = PBXBuildFile; fileRef = F6657A9829006ABF009F0FD1 /* mainBG.swift */; };
		F6657A9C29009A97009F0FD1 /* User.swift in Sources */ = {isa = PBXBuildFile; fileRef = F6657A9B29009A97009F0FD1 /* User.swift */; };
		F6657A9E29009BE6009F0FD1 /* callWayAppAPI.swift in Sources */ = {isa = PBXBuildFile; fileRef = F6657A9D29009BE6009F0FD1 /* callWayAppAPI.swift */; };
		F66B10D528FF3E070038D2F9 /* loginView.swift in Sources */ = {isa = PBXBuildFile; fileRef = F66B10D428FF3E070038D2F9 /* loginView.swift */; };
		F66D950028FF2C1E001BB2D4 /* registerTile.swift in Sources */ = {isa = PBXBuildFile; fileRef = F66D94FF28FF2C1E001BB2D4 /* registerTile.swift */; };
		F66D950228FF2E75001BB2D4 /* settingsTile.swift in Sources */ = {isa = PBXBuildFile; fileRef = F66D950128FF2E75001BB2D4 /* settingsTile.swift */; };
/* End PBXBuildFile section */

/* Begin PBXContainerItemProxy section */
		F600D20B28FE795A0083166E /* PBXContainerItemProxy */ = {
			isa = PBXContainerItemProxy;
			containerPortal = F600D1F228FE79580083166E /* Project object */;
			proxyType = 1;
			remoteGlobalIDString = F600D1F928FE79580083166E;
			remoteInfo = WayApp;
		};
		F600D21528FE795A0083166E /* PBXContainerItemProxy */ = {
			isa = PBXContainerItemProxy;
			containerPortal = F600D1F228FE79580083166E /* Project object */;
			proxyType = 1;
			remoteGlobalIDString = F600D1F928FE79580083166E;
			remoteInfo = WayApp;
		};
/* End PBXContainerItemProxy section */

/* Begin PBXFileReference section */
		F600D1FA28FE79580083166E /* WayApp.app */ = {isa = PBXFileReference; explicitFileType = wrapper.application; includeInIndex = 0; path = WayApp.app; sourceTree = BUILT_PRODUCTS_DIR; };
		F600D1FD28FE79580083166E /* WayAppApp.swift */ = {isa = PBXFileReference; lastKnownFileType = sourcecode.swift; path = WayAppApp.swift; sourceTree = "<group>"; };
		F600D20128FE795A0083166E /* Assets.xcassets */ = {isa = PBXFileReference; lastKnownFileType = folder.assetcatalog; path = Assets.xcassets; sourceTree = "<group>"; };
		F600D20428FE795A0083166E /* Preview Assets.xcassets */ = {isa = PBXFileReference; lastKnownFileType = folder.assetcatalog; path = "Preview Assets.xcassets"; sourceTree = "<group>"; };
		F600D20A28FE795A0083166E /* WayAppTests.xctest */ = {isa = PBXFileReference; explicitFileType = wrapper.cfbundle; includeInIndex = 0; path = WayAppTests.xctest; sourceTree = BUILT_PRODUCTS_DIR; };
		F600D20E28FE795A0083166E /* WayAppTests.swift */ = {isa = PBXFileReference; lastKnownFileType = sourcecode.swift; path = WayAppTests.swift; sourceTree = "<group>"; };
		F600D21428FE795A0083166E /* WayAppUITests.xctest */ = {isa = PBXFileReference; explicitFileType = wrapper.cfbundle; includeInIndex = 0; path = WayAppUITests.xctest; sourceTree = BUILT_PRODUCTS_DIR; };
		F600D21828FE795A0083166E /* WayAppUITests.swift */ = {isa = PBXFileReference; lastKnownFileType = sourcecode.swift; path = WayAppUITests.swift; sourceTree = "<group>"; };
		F600D21A28FE795A0083166E /* WayAppUITestsLaunchTests.swift */ = {isa = PBXFileReference; lastKnownFileType = sourcecode.swift; path = WayAppUITestsLaunchTests.swift; sourceTree = "<group>"; };
		F600D22728FE79D90083166E /* mainView.swift */ = {isa = PBXFileReference; lastKnownFileType = sourcecode.swift; path = mainView.swift; sourceTree = "<group>"; };
		F600D22A28FE7B3B0083166E /* loginTile.swift */ = {isa = PBXFileReference; lastKnownFileType = sourcecode.swift; path = loginTile.swift; sourceTree = "<group>"; };
		F6657A9829006ABF009F0FD1 /* mainBG.swift */ = {isa = PBXFileReference; lastKnownFileType = sourcecode.swift; path = mainBG.swift; sourceTree = "<group>"; };
		F6657A9B29009A97009F0FD1 /* User.swift */ = {isa = PBXFileReference; lastKnownFileType = sourcecode.swift; path = User.swift; sourceTree = "<group>"; };
		F6657A9D29009BE6009F0FD1 /* callWayAppAPI.swift */ = {isa = PBXFileReference; lastKnownFileType = sourcecode.swift; path = callWayAppAPI.swift; sourceTree = "<group>"; };
		F66B10D428FF3E070038D2F9 /* loginView.swift */ = {isa = PBXFileReference; lastKnownFileType = sourcecode.swift; path = loginView.swift; sourceTree = "<group>"; };
		F66D94FF28FF2C1E001BB2D4 /* registerTile.swift */ = {isa = PBXFileReference; lastKnownFileType = sourcecode.swift; path = registerTile.swift; sourceTree = "<group>"; };
		F66D950128FF2E75001BB2D4 /* settingsTile.swift */ = {isa = PBXFileReference; lastKnownFileType = sourcecode.swift; path = settingsTile.swift; sourceTree = "<group>"; };
/* End PBXFileReference section */

/* Begin PBXFrameworksBuildPhase section */
		F600D1F728FE79580083166E /* Frameworks */ = {
			isa = PBXFrameworksBuildPhase;
			buildActionMask = 2147483647;
			files = (
			);
			runOnlyForDeploymentPostprocessing = 0;
		};
		F600D20728FE795A0083166E /* Frameworks */ = {
			isa = PBXFrameworksBuildPhase;
			buildActionMask = 2147483647;
			files = (
			);
			runOnlyForDeploymentPostprocessing = 0;
		};
		F600D21128FE795A0083166E /* Frameworks */ = {
			isa = PBXFrameworksBuildPhase;
			buildActionMask = 2147483647;
			files = (
			);
			runOnlyForDeploymentPostprocessing = 0;
		};
/* End PBXFrameworksBuildPhase section */

/* Begin PBXGroup section */
		F600D1F128FE79580083166E = {
			isa = PBXGroup;
			children = (
				F600D1FC28FE79580083166E /* WayApp */,
				F600D20D28FE795A0083166E /* WayAppTests */,
				F600D21728FE795A0083166E /* WayAppUITests */,
				F600D1FB28FE79580083166E /* Products */,
			);
			sourceTree = "<group>";
		};
		F600D1FB28FE79580083166E /* Products */ = {
			isa = PBXGroup;
			children = (
				F600D1FA28FE79580083166E /* WayApp.app */,
				F600D20A28FE795A0083166E /* WayAppTests.xctest */,
				F600D21428FE795A0083166E /* WayAppUITests.xctest */,
			);
			name = Products;
			sourceTree = "<group>";
		};
		F600D1FC28FE79580083166E /* WayApp */ = {
			isa = PBXGroup;
			children = (
				F6657A9729006AB1009F0FD1 /* BGS */,
				F66B10D328FF3DF50038D2F9 /* Auth */,
				F600D22928FE7B260083166E /* Tiles */,
				F600D1FD28FE79580083166E /* WayAppApp.swift */,
				F600D20128FE795A0083166E /* Assets.xcassets */,
				F600D20328FE795A0083166E /* Preview Content */,
				F600D22728FE79D90083166E /* mainView.swift */,
				F6657A9D29009BE6009F0FD1 /* callWayAppAPI.swift */,
			);
			path = WayApp;
			sourceTree = "<group>";
		};
		F600D20328FE795A0083166E /* Preview Content */ = {
			isa = PBXGroup;
			children = (
				F600D20428FE795A0083166E /* Preview Assets.xcassets */,
			);
			path = "Preview Content";
			sourceTree = "<group>";
		};
		F600D20D28FE795A0083166E /* WayAppTests */ = {
			isa = PBXGroup;
			children = (
				F600D20E28FE795A0083166E /* WayAppTests.swift */,
			);
			path = WayAppTests;
			sourceTree = "<group>";
		};
		F600D21728FE795A0083166E /* WayAppUITests */ = {
			isa = PBXGroup;
			children = (
				F600D21828FE795A0083166E /* WayAppUITests.swift */,
				F600D21A28FE795A0083166E /* WayAppUITestsLaunchTests.swift */,
			);
			path = WayAppUITests;
			sourceTree = "<group>";
		};
		F600D22928FE7B260083166E /* Tiles */ = {
			isa = PBXGroup;
			children = (
				F600D22A28FE7B3B0083166E /* loginTile.swift */,
				F66D94FF28FF2C1E001BB2D4 /* registerTile.swift */,
				F66D950128FF2E75001BB2D4 /* settingsTile.swift */,
			);
			path = Tiles;
			sourceTree = "<group>";
		};
		F6657A9729006AB1009F0FD1 /* BGS */ = {
			isa = PBXGroup;
			children = (
				F6657A9829006ABF009F0FD1 /* mainBG.swift */,
			);
			path = BGS;
			sourceTree = "<group>";
		};
		F6657A9A29009A85009F0FD1 /* Models */ = {
			isa = PBXGroup;
			children = (
				F6657A9B29009A97009F0FD1 /* User.swift */,
			);
			path = Models;
			sourceTree = "<group>";
		};
		F66B10D328FF3DF50038D2F9 /* Auth */ = {
			isa = PBXGroup;
			children = (
				F6657A9A29009A85009F0FD1 /* Models */,
				F66B10D428FF3E070038D2F9 /* loginView.swift */,
			);
			path = Auth;
			sourceTree = "<group>";
		};
/* End PBXGroup section */

/* Begin PBXNativeTarget section */
		F600D1F928FE79580083166E /* WayApp */ = {
			isa = PBXNativeTarget;
			buildConfigurationList = F600D21E28FE795A0083166E /* Build configuration list for PBXNativeTarget "WayApp" */;
			buildPhases = (
				F600D1F628FE79580083166E /* Sources */,
				F600D1F728FE79580083166E /* Frameworks */,
				F600D1F828FE79580083166E /* Resources */,
			);
			buildRules = (
			);
			dependencies = (
			);
			name = WayApp;
			productName = WayApp;
			productReference = F600D1FA28FE79580083166E /* WayApp.app */;
			productType = "com.apple.product-type.application";
		};
		F600D20928FE795A0083166E /* WayAppTests */ = {
			isa = PBXNativeTarget;
			buildConfigurationList = F600D22128FE795A0083166E /* Build configuration list for PBXNativeTarget "WayAppTests" */;
			buildPhases = (
				F600D20628FE795A0083166E /* Sources */,
				F600D20728FE795A0083166E /* Frameworks */,
				F600D20828FE795A0083166E /* Resources */,
			);
			buildRules = (
			);
			dependencies = (
				F600D20C28FE795A0083166E /* PBXTargetDependency */,
			);
			name = WayAppTests;
			productName = WayAppTests;
			productReference = F600D20A28FE795A0083166E /* WayAppTests.xctest */;
			productType = "com.apple.product-type.bundle.unit-test";
		};
		F600D21328FE795A0083166E /* WayAppUITests */ = {
			isa = PBXNativeTarget;
			buildConfigurationList = F600D22428FE795A0083166E /* Build configuration list for PBXNativeTarget "WayAppUITests" */;
			buildPhases = (
				F600D21028FE795A0083166E /* Sources */,
				F600D21128FE795A0083166E /* Frameworks */,
				F600D21228FE795A0083166E /* Resources */,
			);
			buildRules = (
			);
			dependencies = (
				F600D21628FE795A0083166E /* PBXTargetDependency */,
			);
			name = WayAppUITests;
			productName = WayAppUITests;
			productReference = F600D21428FE795A0083166E /* WayAppUITests.xctest */;
			productType = "com.apple.product-type.bundle.ui-testing";
		};
/* End PBXNativeTarget section */

/* Begin PBXProject section */
		F600D1F228FE79580083166E /* Project object */ = {
			isa = PBXProject;
			attributes = {
				BuildIndependentTargetsInParallel = 1;
				LastSwiftUpdateCheck = 1410;
				LastUpgradeCheck = 1410;
				TargetAttributes = {
					F600D1F928FE79580083166E = {
						CreatedOnToolsVersion = 14.1;
					};
					F600D20928FE795A0083166E = {
						CreatedOnToolsVersion = 14.1;
						TestTargetID = F600D1F928FE79580083166E;
					};
					F600D21328FE795A0083166E = {
						CreatedOnToolsVersion = 14.1;
						TestTargetID = F600D1F928FE79580083166E;
					};
				};
			};
			buildConfigurationList = F600D1F528FE79580083166E /* Build configuration list for PBXProject "WayApp" */;
			compatibilityVersion = "Xcode 14.0";
			developmentRegion = en;
			hasScannedForEncodings = 0;
			knownRegions = (
				en,
				Base,
			);
			mainGroup = F600D1F128FE79580083166E;
			productRefGroup = F600D1FB28FE79580083166E /* Products */;
			projectDirPath = "";
			projectRoot = "";
			targets = (
				F600D1F928FE79580083166E /* WayApp */,
				F600D20928FE795A0083166E /* WayAppTests */,
				F600D21328FE795A0083166E /* WayAppUITests */,
			);
		};
/* End PBXProject section */

/* Begin PBXResourcesBuildPhase section */
		F600D1F828FE79580083166E /* Resources */ = {
			isa = PBXResourcesBuildPhase;
			buildActionMask = 2147483647;
			files = (
				F600D20528FE795A0083166E /* Preview Assets.xcassets in Resources */,
				F600D20228FE795A0083166E /* Assets.xcassets in Resources */,
			);
			runOnlyForDeploymentPostprocessing = 0;
		};
		F600D20828FE795A0083166E /* Resources */ = {
			isa = PBXResourcesBuildPhase;
			buildActionMask = 2147483647;
			files = (
			);
			runOnlyForDeploymentPostprocessing = 0;
		};
		F600D21228FE795A0083166E /* Resources */ = {
			isa = PBXResourcesBuildPhase;
			buildActionMask = 2147483647;
			files = (
			);
			runOnlyForDeploymentPostprocessing = 0;
		};
/* End PBXResourcesBuildPhase section */

/* Begin PBXSourcesBuildPhase section */
		F600D1F628FE79580083166E /* Sources */ = {
			isa = PBXSourcesBuildPhase;
			buildActionMask = 2147483647;
			files = (
				F66D950028FF2C1E001BB2D4 /* registerTile.swift in Sources */,
				F66D950228FF2E75001BB2D4 /* settingsTile.swift in Sources */,
				F600D22B28FE7B3B0083166E /* loginTile.swift in Sources */,
				F600D1FE28FE79580083166E /* WayAppApp.swift in Sources */,
				F6657A9C29009A97009F0FD1 /* User.swift in Sources */,
				F66B10D528FF3E070038D2F9 /* loginView.swift in Sources */,
				F600D22828FE79D90083166E /* mainView.swift in Sources */,
				F6657A9929006ABF009F0FD1 /* mainBG.swift in Sources */,
				F6657A9E29009BE6009F0FD1 /* callWayAppAPI.swift in Sources */,
			);
			runOnlyForDeploymentPostprocessing = 0;
		};
		F600D20628FE795A0083166E /* Sources */ = {
			isa = PBXSourcesBuildPhase;
			buildActionMask = 2147483647;
			files = (
				F600D20F28FE795A0083166E /* WayAppTests.swift in Sources */,
			);
			runOnlyForDeploymentPostprocessing = 0;
		};
		F600D21028FE795A0083166E /* Sources */ = {
			isa = PBXSourcesBuildPhase;
			buildActionMask = 2147483647;
			files = (
				F600D21B28FE795A0083166E /* WayAppUITestsLaunchTests.swift in Sources */,
				F600D21928FE795A0083166E /* WayAppUITests.swift in Sources */,
			);
			runOnlyForDeploymentPostprocessing = 0;
		};
/* End PBXSourcesBuildPhase section */

/* Begin PBXTargetDependency section */
		F600D20C28FE795A0083166E /* PBXTargetDependency */ = {
			isa = PBXTargetDependency;
			target = F600D1F928FE79580083166E /* WayApp */;
			targetProxy = F600D20B28FE795A0083166E /* PBXContainerItemProxy */;
		};
		F600D21628FE795A0083166E /* PBXTargetDependency */ = {
			isa = PBXTargetDependency;
			target = F600D1F928FE79580083166E /* WayApp */;
			targetProxy = F600D21528FE795A0083166E /* PBXContainerItemProxy */;
		};
/* End PBXTargetDependency section */

/* Begin XCBuildConfiguration section */
		F600D21C28FE795A0083166E /* Debug */ = {
			isa = XCBuildConfiguration;
			buildSettings = {
				ALWAYS_SEARCH_USER_PATHS = NO;
				CLANG_ANALYZER_NONNULL = YES;
				CLANG_ANALYZER_NUMBER_OBJECT_CONVERSION = YES_AGGRESSIVE;
				CLANG_CXX_LANGUAGE_STANDARD = "gnu++20";
				CLANG_ENABLE_MODULES = YES;
				CLANG_ENABLE_OBJC_ARC = YES;
				CLANG_ENABLE_OBJC_WEAK = YES;
				CLANG_WARN_BLOCK_CAPTURE_AUTORELEASING = YES;
				CLANG_WARN_BOOL_CONVERSION = YES;
				CLANG_WARN_COMMA = YES;
				CLANG_WARN_CONSTANT_CONVERSION = YES;
				CLANG_WARN_DEPRECATED_OBJC_IMPLEMENTATIONS = YES;
				CLANG_WARN_DIRECT_OBJC_ISA_USAGE = YES_ERROR;
				CLANG_WARN_DOCUMENTATION_COMMENTS = YES;
				CLANG_WARN_EMPTY_BODY = YES;
				CLANG_WARN_ENUM_CONVERSION = YES;
				CLANG_WARN_INFINITE_RECURSION = YES;
				CLANG_WARN_INT_CONVERSION = YES;
				CLANG_WARN_NON_LITERAL_NULL_CONVERSION = YES;
				CLANG_WARN_OBJC_IMPLICIT_RETAIN_SELF = YES;
				CLANG_WARN_OBJC_LITERAL_CONVERSION = YES;
				CLANG_WARN_OBJC_ROOT_CLASS = YES_ERROR;
				CLANG_WARN_QUOTED_INCLUDE_IN_FRAMEWORK_HEADER = YES;
				CLANG_WARN_RANGE_LOOP_ANALYSIS = YES;
				CLANG_WARN_STRICT_PROTOTYPES = YES;
				CLANG_WARN_SUSPICIOUS_MOVE = YES;
				CLANG_WARN_UNGUARDED_AVAILABILITY = YES_AGGRESSIVE;
				CLANG_WARN_UNREACHABLE_CODE = YES;
				CLANG_WARN__DUPLICATE_METHOD_MATCH = YES;
				COPY_PHASE_STRIP = NO;
				DEBUG_INFORMATION_FORMAT = dwarf;
				ENABLE_STRICT_OBJC_MSGSEND = YES;
				ENABLE_TESTABILITY = YES;
				GCC_C_LANGUAGE_STANDARD = gnu11;
				GCC_DYNAMIC_NO_PIC = NO;
				GCC_NO_COMMON_BLOCKS = YES;
				GCC_OPTIMIZATION_LEVEL = 0;
				GCC_PREPROCESSOR_DEFINITIONS = (
					"DEBUG=1",
					"$(inherited)",
				);
				GCC_WARN_64_TO_32_BIT_CONVERSION = YES;
				GCC_WARN_ABOUT_RETURN_TYPE = YES_ERROR;
				GCC_WARN_UNDECLARED_SELECTOR = YES;
				GCC_WARN_UNINITIALIZED_AUTOS = YES_AGGRESSIVE;
				GCC_WARN_UNUSED_FUNCTION = YES;
				GCC_WARN_UNUSED_VARIABLE = YES;
				IPHONEOS_DEPLOYMENT_TARGET = 16.1;
				MTL_ENABLE_DEBUG_INFO = INCLUDE_SOURCE;
				MTL_FAST_MATH = YES;
				ONLY_ACTIVE_ARCH = YES;
				SDKROOT = iphoneos;
				SWIFT_ACTIVE_COMPILATION_CONDITIONS = DEBUG;
				SWIFT_OPTIMIZATION_LEVEL = "-Onone";
			};
			name = Debug;
		};
		F600D21D28FE795A0083166E /* Release */ = {
			isa = XCBuildConfiguration;
			buildSettings = {
				ALWAYS_SEARCH_USER_PATHS = NO;
				CLANG_ANALYZER_NONNULL = YES;
				CLANG_ANALYZER_NUMBER_OBJECT_CONVERSION = YES_AGGRESSIVE;
				CLANG_CXX_LANGUAGE_STANDARD = "gnu++20";
				CLANG_ENABLE_MODULES = YES;
				CLANG_ENABLE_OBJC_ARC = YES;
				CLANG_ENABLE_OBJC_WEAK = YES;
				CLANG_WARN_BLOCK_CAPTURE_AUTORELEASING = YES;
				CLANG_WARN_BOOL_CONVERSION = YES;
				CLANG_WARN_COMMA = YES;
				CLANG_WARN_CONSTANT_CONVERSION = YES;
				CLANG_WARN_DEPRECATED_OBJC_IMPLEMENTATIONS = YES;
				CLANG_WARN_DIRECT_OBJC_ISA_USAGE = YES_ERROR;
				CLANG_WARN_DOCUMENTATION_COMMENTS = YES;
				CLANG_WARN_EMPTY_BODY = YES;
				CLANG_WARN_ENUM_CONVERSION = YES;
				CLANG_WARN_INFINITE_RECURSION = YES;
				CLANG_WARN_INT_CONVERSION = YES;
				CLANG_WARN_NON_LITERAL_NULL_CONVERSION = YES;
				CLANG_WARN_OBJC_IMPLICIT_RETAIN_SELF = YES;
				CLANG_WARN_OBJC_LITERAL_CONVERSION = YES;
				CLANG_WARN_OBJC_ROOT_CLASS = YES_ERROR;
				CLANG_WARN_QUOTED_INCLUDE_IN_FRAMEWORK_HEADER = YES;
				CLANG_WARN_RANGE_LOOP_ANALYSIS = YES;
				CLANG_WARN_STRICT_PROTOTYPES = YES;
				CLANG_WARN_SUSPICIOUS_MOVE = YES;
				CLANG_WARN_UNGUARDED_AVAILABILITY = YES_AGGRESSIVE;
				CLANG_WARN_UNREACHABLE_CODE = YES;
				CLANG_WARN__DUPLICATE_METHOD_MATCH = YES;
				COPY_PHASE_STRIP = NO;
				DEBUG_INFORMATION_FORMAT = "dwarf-with-dsym";
				ENABLE_NS_ASSERTIONS = NO;
				ENABLE_STRICT_OBJC_MSGSEND = YES;
				GCC_C_LANGUAGE_STANDARD = gnu11;
				GCC_NO_COMMON_BLOCKS = YES;
				GCC_WARN_64_TO_32_BIT_CONVERSION = YES;
				GCC_WARN_ABOUT_RETURN_TYPE = YES_ERROR;
				GCC_WARN_UNDECLARED_SELECTOR = YES;
				GCC_WARN_UNINITIALIZED_AUTOS = YES_AGGRESSIVE;
				GCC_WARN_UNUSED_FUNCTION = YES;
				GCC_WARN_UNUSED_VARIABLE = YES;
				IPHONEOS_DEPLOYMENT_TARGET = 16.1;
				MTL_ENABLE_DEBUG_INFO = NO;
				MTL_FAST_MATH = YES;
				SDKROOT = iphoneos;
				SWIFT_COMPILATION_MODE = wholemodule;
				SWIFT_OPTIMIZATION_LEVEL = "-O";
				VALIDATE_PRODUCT = YES;
			};
			name = Release;
		};
		F600D21F28FE795A0083166E /* Debug */ = {
			isa = XCBuildConfiguration;
			buildSettings = {
				ASSETCATALOG_COMPILER_APPICON_NAME = AppIcon;
				ASSETCATALOG_COMPILER_GLOBAL_ACCENT_COLOR_NAME = AccentColor;
				CODE_SIGN_STYLE = Automatic;
				CURRENT_PROJECT_VERSION = 1;
				DEVELOPMENT_ASSET_PATHS = "\"WayApp/Preview Content\"";
				ENABLE_PREVIEWS = YES;
				GENERATE_INFOPLIST_FILE = YES;
				INFOPLIST_KEY_UIApplicationSceneManifest_Generation = YES;
				INFOPLIST_KEY_UIApplicationSupportsIndirectInputEvents = YES;
				INFOPLIST_KEY_UILaunchScreen_Generation = YES;
				INFOPLIST_KEY_UISupportedInterfaceOrientations_iPad = "UIInterfaceOrientationPortrait UIInterfaceOrientationPortraitUpsideDown UIInterfaceOrientationLandscapeLeft UIInterfaceOrientationLandscapeRight";
				INFOPLIST_KEY_UISupportedInterfaceOrientations_iPhone = "UIInterfaceOrientationPortrait UIInterfaceOrientationLandscapeLeft UIInterfaceOrientationLandscapeRight";
				LD_RUNPATH_SEARCH_PATHS = (
					"$(inherited)",
					"@executable_path/Frameworks",
				);
				MARKETING_VERSION = 1.0;
				PRODUCT_BUNDLE_IDENTIFIER = Nanosoft.WayApp;
				PRODUCT_NAME = "$(TARGET_NAME)";
				SWIFT_EMIT_LOC_STRINGS = YES;
				SWIFT_VERSION = 5.0;
				TARGETED_DEVICE_FAMILY = "1,2";
			};
			name = Debug;
		};
		F600D22028FE795A0083166E /* Release */ = {
			isa = XCBuildConfiguration;
			buildSettings = {
				ASSETCATALOG_COMPILER_APPICON_NAME = AppIcon;
				ASSETCATALOG_COMPILER_GLOBAL_ACCENT_COLOR_NAME = AccentColor;
				CODE_SIGN_STYLE = Automatic;
				CURRENT_PROJECT_VERSION = 1;
				DEVELOPMENT_ASSET_PATHS = "\"WayApp/Preview Content\"";
				ENABLE_PREVIEWS = YES;
				GENERATE_INFOPLIST_FILE = YES;
				INFOPLIST_KEY_UIApplicationSceneManifest_Generation = YES;
				INFOPLIST_KEY_UIApplicationSupportsIndirectInputEvents = YES;
				INFOPLIST_KEY_UILaunchScreen_Generation = YES;
				INFOPLIST_KEY_UISupportedInterfaceOrientations_iPad = "UIInterfaceOrientationPortrait UIInterfaceOrientationPortraitUpsideDown UIInterfaceOrientationLandscapeLeft UIInterfaceOrientationLandscapeRight";
				INFOPLIST_KEY_UISupportedInterfaceOrientations_iPhone = "UIInterfaceOrientationPortrait UIInterfaceOrientationLandscapeLeft UIInterfaceOrientationLandscapeRight";
				LD_RUNPATH_SEARCH_PATHS = (
					"$(inherited)",
					"@executable_path/Frameworks",
				);
				MARKETING_VERSION = 1.0;
				PRODUCT_BUNDLE_IDENTIFIER = Nanosoft.WayApp;
				PRODUCT_NAME = "$(TARGET_NAME)";
				SWIFT_EMIT_LOC_STRINGS = YES;
				SWIFT_VERSION = 5.0;
				TARGETED_DEVICE_FAMILY = "1,2";
			};
			name = Release;
		};
		F600D22228FE795A0083166E /* Debug */ = {
			isa = XCBuildConfiguration;
			buildSettings = {
				ALWAYS_EMBED_SWIFT_STANDARD_LIBRARIES = YES;
				BUNDLE_LOADER = "$(TEST_HOST)";
				CODE_SIGN_STYLE = Automatic;
				CURRENT_PROJECT_VERSION = 1;
				GENERATE_INFOPLIST_FILE = YES;
				IPHONEOS_DEPLOYMENT_TARGET = 16.1;
				MARKETING_VERSION = 1.0;
				PRODUCT_BUNDLE_IDENTIFIER = Nanosoft.WayAppTests;
				PRODUCT_NAME = "$(TARGET_NAME)";
				SWIFT_EMIT_LOC_STRINGS = NO;
				SWIFT_VERSION = 5.0;
				TARGETED_DEVICE_FAMILY = "1,2";
				TEST_HOST = "$(BUILT_PRODUCTS_DIR)/WayApp.app/$(BUNDLE_EXECUTABLE_FOLDER_PATH)/WayApp";
			};
			name = Debug;
		};
		F600D22328FE795A0083166E /* Release */ = {
			isa = XCBuildConfiguration;
			buildSettings = {
				ALWAYS_EMBED_SWIFT_STANDARD_LIBRARIES = YES;
				BUNDLE_LOADER = "$(TEST_HOST)";
				CODE_SIGN_STYLE = Automatic;
				CURRENT_PROJECT_VERSION = 1;
				GENERATE_INFOPLIST_FILE = YES;
				IPHONEOS_DEPLOYMENT_TARGET = 16.1;
				MARKETING_VERSION = 1.0;
				PRODUCT_BUNDLE_IDENTIFIER = Nanosoft.WayAppTests;
				PRODUCT_NAME = "$(TARGET_NAME)";
				SWIFT_EMIT_LOC_STRINGS = NO;
				SWIFT_VERSION = 5.0;
				TARGETED_DEVICE_FAMILY = "1,2";
				TEST_HOST = "$(BUILT_PRODUCTS_DIR)/WayApp.app/$(BUNDLE_EXECUTABLE_FOLDER_PATH)/WayApp";
			};
			name = Release;
		};
		F600D22528FE795A0083166E /* Debug */ = {
			isa = XCBuildConfiguration;
			buildSettings = {
				ALWAYS_EMBED_SWIFT_STANDARD_LIBRARIES = YES;
				CODE_SIGN_STYLE = Automatic;
				CURRENT_PROJECT_VERSION = 1;
				GENERATE_INFOPLIST_FILE = YES;
				MARKETING_VERSION = 1.0;
				PRODUCT_BUNDLE_IDENTIFIER = Nanosoft.WayAppUITests;
				PRODUCT_NAME = "$(TARGET_NAME)";
				SWIFT_EMIT_LOC_STRINGS = NO;
				SWIFT_VERSION = 5.0;
				TARGETED_DEVICE_FAMILY = "1,2";
				TEST_TARGET_NAME = WayApp;
			};
			name = Debug;
		};
		F600D22628FE795A0083166E /* Release */ = {
			isa = XCBuildConfiguration;
			buildSettings = {
				ALWAYS_EMBED_SWIFT_STANDARD_LIBRARIES = YES;
				CODE_SIGN_STYLE = Automatic;
				CURRENT_PROJECT_VERSION = 1;
				GENERATE_INFOPLIST_FILE = YES;
				MARKETING_VERSION = 1.0;
				PRODUCT_BUNDLE_IDENTIFIER = Nanosoft.WayAppUITests;
				PRODUCT_NAME = "$(TARGET_NAME)";
				SWIFT_EMIT_LOC_STRINGS = NO;
				SWIFT_VERSION = 5.0;
				TARGETED_DEVICE_FAMILY = "1,2";
				TEST_TARGET_NAME = WayApp;
			};
			name = Release;
		};
/* End XCBuildConfiguration section */

/* Begin XCConfigurationList section */
		F600D1F528FE79580083166E /* Build configuration list for PBXProject "WayApp" */ = {
			isa = XCConfigurationList;
			buildConfigurations = (
				F600D21C28FE795A0083166E /* Debug */,
				F600D21D28FE795A0083166E /* Release */,
			);
			defaultConfigurationIsVisible = 0;
			defaultConfigurationName = Release;
		};
		F600D21E28FE795A0083166E /* Build configuration list for PBXNativeTarget "WayApp" */ = {
			isa = XCConfigurationList;
			buildConfigurations = (
				F600D21F28FE795A0083166E /* Debug */,
				F600D22028FE795A0083166E /* Release */,
			);
			defaultConfigurationIsVisible = 0;
			defaultConfigurationName = Release;
		};
		F600D22128FE795A0083166E /* Build configuration list for PBXNativeTarget "WayAppTests" */ = {
			isa = XCConfigurationList;
			buildConfigurations = (
				F600D22228FE795A0083166E /* Debug */,
				F600D22328FE795A0083166E /* Release */,
			);
			defaultConfigurationIsVisible = 0;
			defaultConfigurationName = Release;
		};
		F600D22428FE795A0083166E /* Build configuration list for PBXNativeTarget "WayAppUITests" */ = {
			isa = XCConfigurationList;
			buildConfigurations = (
				F600D22528FE795A0083166E /* Debug */,
				F600D22628FE795A0083166E /* Release */,
			);
			defaultConfigurationIsVisible = 0;
			defaultConfigurationName = Release;
		};
/* End XCConfigurationList section */
	};
	rootObject = F600D1F228FE79580083166E /* Project object */;
}
